
Microsoft Visual Studio Solution File, Format Version 12.00
# Visual Studio Version 16
VisualStudioVersion = 16.0.32802.440
MinimumVisualStudioVersion = 10.0.40219.1
Project("{FAE04EC0-301F-11D3-BF4B-00C04F79EFBC}") = "HomeControl_Arduino", "HomeControl_Arduino\HomeControl_Arduino.csproj", "{F8408F05-9CA8-4F1B-AE83-2B8BCCDC598B}"
EndProject
Global
	GlobalSection(SolutionConfigurationPlatforms) = preSolution
		Debug|Any CPU = Debug|Any CPU
		Release|Any CPU = Release|Any CPU
	EndGlobalSection
	GlobalSection(ProjectConfigurationPlatforms) = postSolution
		{F8408F05-9CA8-4F1B-AE83-2B8BCCDC598B}.Debug|Any CPU.ActiveCfg = Debug|Any CPU
		{F8408F05-9CA8-4F1B-AE83-2B8BCCDC598B}.Debug|Any CPU.Build.0 = Debug|Any CPU
		{F8408F05-9CA8-4F1B-AE83-2B8BCCDC598B}.Release|Any CPU.ActiveCfg = Release|Any CPU
		{F8408F05-9CA8-4F1B-AE83-2B8BCCDC598B}.Release|Any CPU.Build.0 = Release|Any CPU
	EndGlobalSection
	GlobalSection(SolutionProperties) = preSolution
		HideSolutionNode = FALSE
	EndGlobalSection
	GlobalSection(ExtensibilityGlobals) = postSolution
		SolutionGuid = {273FE761-C0C5-4740-8C20-B3BE9540F332}
	EndGlobalSection
EndGlobal
